PODS:
  - ai_barcode (0.0.1):
    - Flutter
    - MTBBarcodeScanner
  - city_pickers (0.0.1):
    - Flutter
  - Flutter (1.0.0)
  - flutter_barcode_scanner (1.0.2):
    - Flutter
  - flutter_native_image (0.0.1):
    - Flutter
  - fluttertoast (0.0.2):
    - Flutter
    - Toast
  - image_cropper (0.0.3):
    - Flutter
    - TOCropViewController (~> 2.5.4)
  - image_picker (0.0.1):
    - Flutter
  - loading_indicator_view (0.0.1):
    - Flutter
  - local_auth (0.0.1):
    - Flutter
  - MTBBarcodeScanner (5.0.11)
  - package_info (0.0.1):
    - Flutter
  - path_provider (0.0.1):
    - Flutter
  - "permission_handler (5.1.0+2)":
    - Flutter
  - shared_preferences (0.0.1):
    - Flutter
  - Toast (4.0.0)
  - TOCropViewController (2.5.5)
  - url_launcher (0.0.1):
    - Flutter
  - webview_flutter (0.0.1):
    - Flutter

DEPENDENCIES:
  - ai_barcode (from `.symlinks/plugins/ai_barcode/ios`)
  - city_pickers (from `.symlinks/plugins/city_pickers/ios`)
  - Flutter (from `Flutter`)
  - flutter_barcode_scanner (from `.symlinks/plugins/flutter_barcode_scanner/ios`)
  - flutter_native_image (from `.symlinks/plugins/flutter_native_image/ios`)
  - fluttertoast (from `.symlinks/plugins/fluttertoast/ios`)
  - image_cropper (from `.symlinks/plugins/image_cropper/ios`)
  - image_picker (from `.symlinks/plugins/image_picker/ios`)
  - loading_indicator_view (from `.symlinks/plugins/loading_indicator_view/ios`)
  - local_auth (from `.symlinks/plugins/local_auth/ios`)
  - package_info (from `.symlinks/plugins/package_info/ios`)
  - path_provider (from `.symlinks/plugins/path_provider/ios`)
  - permission_handler (from `.symlinks/plugins/permission_handler/ios`)
  - shared_preferences (from `.symlinks/plugins/shared_preferences/ios`)
  - url_launcher (from `.symlinks/plugins/url_launcher/ios`)
  - webview_flutter (from `.symlinks/plugins/webview_flutter/ios`)

SPEC REPOS:
  trunk:
    - MTBBarcodeScanner
    - Toast
    - TOCropViewController

EXTERNAL SOURCES:
  ai_barcode:
    :path: ".symlinks/plugins/ai_barcode/ios"
  city_pickers:
    :path: ".symlinks/plugins/city_pickers/ios"
  Flutter:
    :path: Flutter
  flutter_barcode_scanner:
    :path: ".symlinks/plugins/flutter_barcode_scanner/ios"
  flutter_native_image:
    :path: ".symlinks/plugins/flutter_native_image/ios"
  fluttertoast:
    :path: ".symlinks/plugins/fluttertoast/ios"
  image_cropper:
    :path: ".symlinks/plugins/image_cropper/ios"
  image_picker:
    :path: ".symlinks/plugins/image_picker/ios"
  loading_indicator_view:
    :path: ".symlinks/plugins/loading_indicator_view/ios"
  local_auth:
    :path: ".symlinks/plugins/local_auth/ios"
  package_info:
    :path: ".symlinks/plugins/package_info/ios"
  path_provider:
    :path: ".symlinks/plugins/path_provider/ios"
  permission_handler:
    :path: ".symlinks/plugins/permission_handler/ios"
  shared_preferences:
    :path: ".symlinks/plugins/shared_preferences/ios"
  url_launcher:
    :path: ".symlinks/plugins/url_launcher/ios"
  webview_flutter:
    :path: ".symlinks/plugins/webview_flutter/ios"

SPEC CHECKSUMS:
  ai_barcode: 67fb0a7b732dbb87e92b59bb90a438db9383fa2f
  city_pickers: b0370f4c35c201723b5b7fcce10ec29b59d5bc35
  Flutter: 0e3d915762c693b495b44d77113d4970485de6ec
  flutter_barcode_scanner: fc42adac0732eca7bd9d3d676b215bce5903f269
  flutter_native_image: 9c0b7451838484458e5b0fae007b86a4c2d4bdfe
  fluttertoast: 6122fa75143e992b1d3470f61000f591a798cc58
  image_cropper: c8f9b4157933c7bb965a66d1c5e6c8fd408c6eb4
  image_picker: 9c3312491f862b28d21ecd8fdf0ee14e601b3f09
  loading_indicator_view: fb6f8efecc1cd030dc3a42a39f9107eef908da86
  local_auth: 25938960984c3a7f6e3253e3f8d962fdd16852bd
  MTBBarcodeScanner: f453b33c4b7dfe545d8c6484ed744d55671788cb
  package_info: 873975fc26034f0b863a300ad47e7f1ac6c7ec62
  path_provider: abfe2b5c733d04e238b0d8691db0cfd63a27a93c
  permission_handler: ccb20a9fad0ee9b1314a52b70b76b473c5f8dab0
  shared_preferences: af6bfa751691cdc24be3045c43ec037377ada40d
  Toast: 91b396c56ee72a5790816f40d3a94dd357abc196
  TOCropViewController: da59f531f8ac8a94ef6d6c0fc34009350f9e8bfe
  url_launcher: 6fef411d543ceb26efce54b05a0a40bfd74cbbef
  webview_flutter: d2b4d6c66968ad042ad94cbb791f5b72b4678a96

PODFILE CHECKSUM: aafe91acc616949ddb318b77800a7f51bffa2a4c

COCOAPODS: 1.10.0
